
Microsoft Visual Studio Solution File, Format Version 10.00
# Visual Studio 2008
Project("{FAE04EC0-301F-11D3-BF4B-00C04F79EFBC}") = "ObsTreeAnalyzer", "ObsTreeAnalyzer.csproj", "{06116FBD-7C63-428F-9CA7-FB5726986AA7}"
EndProject
Global
	GlobalSection(SolutionConfigurationPlatforms) = preSolution
		Debug|anycpu = Debug|anycpu
	EndGlobalSection
	GlobalSection(ProjectConfigurationPlatforms) = postSolution
		{06116FBD-7C63-428F-9CA7-FB5726986AA7}.Debug|anycpu.ActiveCfg = Debug|anycpu
		{06116FBD-7C63-428F-9CA7-FB5726986AA7}.Debug|anycpu.Build.0 = Debug|anycpu
	EndGlobalSection
	GlobalSection(MonoDevelopProperties) = preSolution
		StartupItem = ObsTreeAnalyzer.csproj
	EndGlobalSection
EndGlobal
